
Microsoft Visual Studio Solution File, Format Version 12.00
# Visual Studio 15
VisualStudioVersion = 15.0.28307.168
MinimumVisualStudioVersion = 10.0.40219.1
Project("{FAE04EC0-301F-11D3-BF4B-00C04F79EFBC}") = "Disease diagnosis", "Disease diagnosis\Disease diagnosis.csproj", "{D061DD99-C1CE-4A5F-A680-5B6674729034}"
EndProject
Global
	GlobalSection(SolutionConfigurationPlatforms) = preSolution
		Debug|Any CPU = Debug|Any CPU
		Release|Any CPU = Release|Any CPU
	EndGlobalSection
	GlobalSection(ProjectConfigurationPlatforms) = postSolution
		{D061DD99-C1CE-4A5F-A680-5B6674729034}.Debug|Any CPU.ActiveCfg = Debug|Any CPU
		{D061DD99-C1CE-4A5F-A680-5B6674729034}.Debug|Any CPU.Build.0 = Debug|Any CPU
		{D061DD99-C1CE-4A5F-A680-5B6674729034}.Release|Any CPU.ActiveCfg = Release|Any CPU
		{D061DD99-C1CE-4A5F-A680-5B6674729034}.Release|Any CPU.Build.0 = Release|Any CPU
	EndGlobalSection
	GlobalSection(SolutionProperties) = preSolution
		HideSolutionNode = FALSE
	EndGlobalSection
	GlobalSection(ExtensibilityGlobals) = postSolution
		SolutionGuid = {3DE71499-6386-4C32-BBDB-51554AA42B21}
	EndGlobalSection
EndGlobal
